Microsoft Visual Studio Solution File, Format Version 11.00
# Visual Studio 2008

Project("{C1A548E9-A041-6EEC-40A9-5CD47AE64CDC}") = "Guard_Game", "Assembly-CSharp.csproj", "{535E5D3B-D56E-08BB-061F-437463245A9D}"
EndProject
Project("{C1A548E9-A041-6EEC-40A9-5CD47AE64CDC}") = "Guard_Game", "Assembly-CSharp-Editor.csproj", "{903DF643-81C0-93AB-372A-C5C9DCD23DD1}"
EndProject
Global
	GlobalSection(SolutionConfigurationPlatforms) = preSolution
		Debug|Any CPU = Debug|Any CPU
		Release|Any CPU = Release|Any CPU
	EndGlobalSection
	GlobalSection(ProjectConfigurationPlatforms) = postSolution
		{535E5D3B-D56E-08BB-061F-437463245A9D}.Debug|Any CPU.ActiveCfg = Debug|Any CPU
		{535E5D3B-D56E-08BB-061F-437463245A9D}.Debug|Any CPU.Build.0 = Debug|Any CPU
		{535E5D3B-D56E-08BB-061F-437463245A9D}.Release|Any CPU.ActiveCfg = Release|Any CPU
		{535E5D3B-D56E-08BB-061F-437463245A9D}.Release|Any CPU.Build.0 = Release|Any CPU
		{903DF643-81C0-93AB-372A-C5C9DCD23DD1}.Debug|Any CPU.ActiveCfg = Debug|Any CPU
		{903DF643-81C0-93AB-372A-C5C9DCD23DD1}.Debug|Any CPU.Build.0 = Debug|Any CPU
		{903DF643-81C0-93AB-372A-C5C9DCD23DD1}.Release|Any CPU.ActiveCfg = Release|Any CPU
		{903DF643-81C0-93AB-372A-C5C9DCD23DD1}.Release|Any CPU.Build.0 = Release|Any CPU
	EndGlobalSection
	GlobalSection(SolutionProperties) = preSolution
		HideSolutionNode = FALSE
	EndGlobalSection
	GlobalSection(MonoDevelopProperties) = preSolution
		StartupItem = Assembly-CSharp.csproj
	EndGlobalSection
EndGlobal
